
Microsoft Visual Studio Solution File, Format Version 12.00
# Visual Studio Version 17
VisualStudioVersion = 17.2.32630.192
MinimumVisualStudioVersion = 10.0.40219.1
Project("{9A19103F-16F7-4668-BE54-9A1E7A4F7556}") = "D8S.L0013.Construction", "D8S.L0013.Construction\D8S.L0013.Construction.csproj", "{9A361C99-2D57-4A07-B51E-9725AD235987}"
EndProject
Project("{9A19103F-16F7-4668-BE54-9A1E7A4F7556}") = "D8S.L0013", "D8S.L0013\D8S.L0013.csproj", "{1A266470-3D44-47D8-A473-3E255A0FD14E}"
EndProject
Global
	GlobalSection(SolutionConfigurationPlatforms) = preSolution
		Debug|Any CPU = Debug|Any CPU
		Release|Any CPU = Release|Any CPU
	EndGlobalSection
	GlobalSection(ProjectConfigurationPlatforms) = postSolution
		{9A361C99-2D57-4A07-B51E-9725AD235987}.Debug|Any CPU.ActiveCfg = Debug|Any CPU
		{9A361C99-2D57-4A07-B51E-9725AD235987}.Debug|Any CPU.Build.0 = Debug|Any CPU
		{9A361C99-2D57-4A07-B51E-9725AD235987}.Release|Any CPU.ActiveCfg = Release|Any CPU
		{9A361C99-2D57-4A07-B51E-9725AD235987}.Release|Any CPU.Build.0 = Release|Any CPU
		{1A266470-3D44-47D8-A473-3E255A0FD14E}.Debug|Any CPU.ActiveCfg = Debug|Any CPU
		{1A266470-3D44-47D8-A473-3E255A0FD14E}.Debug|Any CPU.Build.0 = Debug|Any CPU
		{1A266470-3D44-47D8-A473-3E255A0FD14E}.Release|Any CPU.ActiveCfg = Release|Any CPU
		{1A266470-3D44-47D8-A473-3E255A0FD14E}.Release|Any CPU.Build.0 = Release|Any CPU
	EndGlobalSection
	GlobalSection(SolutionProperties) = preSolution
		HideSolutionNode = FALSE
	EndGlobalSection
	GlobalSection(ExtensibilityGlobals) = postSolution
		SolutionGuid = {720EA7F8-64AC-42A4-A527-5C1BA70515AD}
	EndGlobalSection
EndGlobal
