
Microsoft Visual Studio Solution File, Format Version 12.00
# Visual Studio Version 17
VisualStudioVersion = 17.2.32630.192
MinimumVisualStudioVersion = 10.0.40219.1
Project("{9A19103F-16F7-4668-BE54-9A1E7A4F7556}") = "D8S.L0013.Construction", "D8S.L0013.Construction\D8S.L0013.Construction.csproj", "{9A361C99-2D57-4A07-B51E-9725AD235987}"
EndProject
Project("{9A19103F-16F7-4668-BE54-9A1E7A4F7556}") = "D8S.L0013", "D8S.L0013\D8S.L0013.csproj", "{1A266470-3D44-47D8-A473-3E255A0FD14E}"
EndProject
Project("{9A19103F-16F7-4668-BE54-9A1E7A4F7556}") = "D8S.L0013.L000", "D8S.L0013.L000\D8S.L0013.L000.csproj", "{E5A6B490-1803-4C9B-827D-248225E46F12}"
EndProject
Project("{2150E333-8FDC-42A3-9474-1A3956D46DE8}") = "_Dependencies", "_Dependencies", "{BA8E9D10-FB43-445A-A4DA-9209DA0BC18A}"
EndProject
Project("{9A19103F-16F7-4668-BE54-9A1E7A4F7556}") = "R5T.F0000", "..\..\..\SafetyCone\R5T.F0000\source\R5T.F0000\R5T.F0000.csproj", "{40A47F47-A747-4461-A837-31F1CBCEA94C}"
EndProject
Project("{9A19103F-16F7-4668-BE54-9A1E7A4F7556}") = "R5T.F0002", "..\..\..\SafetyCone\R5T.F0002\source\R5T.F0002\R5T.F0002.csproj", "{A7E20ECD-1840-4F3D-9DAD-B105525BB586}"
EndProject
Project("{9A19103F-16F7-4668-BE54-9A1E7A4F7556}") = "R5T.F0059", "..\..\..\SafetyCone\R5T.F0059\source\R5T.F0059\R5T.F0059.csproj", "{AD52AF41-5EA0-46B6-A996-FE43947FFFC7}"
EndProject
Project("{9A19103F-16F7-4668-BE54-9A1E7A4F7556}") = "R5T.F0120", "..\..\..\SafetyCone\R5T.F0120\source\R5T.F0120\R5T.F0120.csproj", "{2EDB4BA3-87DB-4B92-B26C-74CFD33DB48A}"
EndProject
Project("{9A19103F-16F7-4668-BE54-9A1E7A4F7556}") = "R5T.F0124", "..\..\..\SafetyCone\R5T.F0124\source\R5T.F0124\R5T.F0124.csproj", "{149DD766-0C83-4EFA-9A79-80994AE50D90}"
EndProject
Project("{9A19103F-16F7-4668-BE54-9A1E7A4F7556}") = "R5T.F0125", "..\..\..\SafetyCone\R5T.F0125\source\R5T.F0125\R5T.F0125.csproj", "{0B850EB1-F996-4EFF-95E9-49DDA0E94738}"
EndProject
Project("{9A19103F-16F7-4668-BE54-9A1E7A4F7556}") = "R5T.L0030.T000", "..\..\..\SafetyCone\R5T.L0030\source\R5T.L0030.T000\R5T.L0030.T000.csproj", "{46188DC8-1C12-4D05-B3AE-3DE284521BC1}"
EndProject
Project("{9A19103F-16F7-4668-BE54-9A1E7A4F7556}") = "R5T.L0030", "..\..\..\SafetyCone\R5T.L0030\source\R5T.L0030\R5T.L0030.csproj", "{6CF1B672-8C04-4749-B118-1FEA9D563EA3}"
EndProject
Project("{9A19103F-16F7-4668-BE54-9A1E7A4F7556}") = "R5T.L0034", "..\..\..\SafetyCone\R5T.L0034\source\R5T.L0034\R5T.L0034.csproj", "{29F55815-3307-4387-9C47-8EF19E778D9B}"
EndProject
Project("{9A19103F-16F7-4668-BE54-9A1E7A4F7556}") = "R5T.L0035", "..\..\..\SafetyCone\R5T.L0035\source\R5T.L0035\R5T.L0035.csproj", "{9346C6B4-8EDA-45F5-8DC4-292C61640112}"
EndProject
Project("{9A19103F-16F7-4668-BE54-9A1E7A4F7556}") = "R5T.L0053", "..\..\..\SafetyCone\R5T.L0053\source\R5T.L0053\R5T.L0053.csproj", "{AF8FE9EE-D542-4D19-B902-5253B0FBDC44}"
EndProject
Project("{9A19103F-16F7-4668-BE54-9A1E7A4F7556}") = "R5T.L0056", "..\..\..\SafetyCone\R5T.L0056\source\R5T.L0056\R5T.L0056.csproj", "{73308D0A-7A2B-4364-B9A2-0F03F5BD7FA8}"
EndProject
Project("{9A19103F-16F7-4668-BE54-9A1E7A4F7556}") = "R5T.L0066", "..\..\..\SafetyCone\R5T.L0066\source\R5T.L0066\R5T.L0066.csproj", "{43896762-52A8-4E39-9359-29770F4BD24B}"
EndProject
Project("{9A19103F-16F7-4668-BE54-9A1E7A4F7556}") = "R5T.L0071", "..\..\..\SafetyCone\R5T.L0071\source\R5T.L0071\R5T.L0071.csproj", "{2FE6B4B9-ABC2-47D1-B81E-733B93B974A0}"
EndProject
Project("{9A19103F-16F7-4668-BE54-9A1E7A4F7556}") = "R5T.L0074", "..\..\..\SafetyCone\R5T.L0074\source\R5T.L0074\R5T.L0074.csproj", "{1F70F8D2-4A9E-48D5-A0AE-607AE500188F}"
EndProject
Project("{9A19103F-16F7-4668-BE54-9A1E7A4F7556}") = "R5T.L0089.F000", "..\..\..\SafetyCone\R5T.L0089\source\R5T.L0089.F000\R5T.L0089.F000.csproj", "{C100893D-D507-49BA-9034-082A73FCACE1}"
EndProject
Project("{9A19103F-16F7-4668-BE54-9A1E7A4F7556}") = "R5T.L0089.T000", "..\..\..\SafetyCone\R5T.L0089\source\R5T.L0089.T000\R5T.L0089.T000.csproj", "{212C150C-94C0-4AAE-BFA4-C6F951A53188}"
EndProject
Project("{9A19103F-16F7-4668-BE54-9A1E7A4F7556}") = "R5T.L0089", "..\..\..\SafetyCone\R5T.L0089\source\R5T.L0089\R5T.L0089.csproj", "{8131999E-5A02-4467-9B61-42FBE905B574}"
EndProject
Project("{9A19103F-16F7-4668-BE54-9A1E7A4F7556}") = "R5T.NG0006", "..\..\..\SafetyCone\R5T.NG0006\source\R5T.NG0006\R5T.NG0006.csproj", "{81836203-0743-4873-854D-32EBCEBC660E}"
EndProject
Project("{9A19103F-16F7-4668-BE54-9A1E7A4F7556}") = "R5T.NG0022", "..\..\..\SafetyCone\R5T.NG0022\source\R5T.NG0022\R5T.NG0022.csproj", "{F35DEF16-1173-4E8C-A2F7-4489DDB3A862}"
EndProject
Project("{9A19103F-16F7-4668-BE54-9A1E7A4F7556}") = "R5T.T0131", "..\..\..\SafetyCone\R5T.T0131\source\R5T.T0131\R5T.T0131.csproj", "{C3F9747A-BCBB-4875-95AD-050CB3E00F13}"
EndProject
Project("{9A19103F-16F7-4668-BE54-9A1E7A4F7556}") = "R5T.T0132", "..\..\..\SafetyCone\R5T.T0132\source\R5T.T0132\R5T.T0132.csproj", "{D20E895B-9050-4C39-8B17-4F1C9947500B}"
EndProject
Project("{9A19103F-16F7-4668-BE54-9A1E7A4F7556}") = "R5T.T0142", "..\..\..\SafetyCone\R5T.T0142\source\R5T.T0142\R5T.T0142.csproj", "{0D2545A4-BEC0-49E1-939D-1CB19CF319F4}"
EndProject
Project("{9A19103F-16F7-4668-BE54-9A1E7A4F7556}") = "R5T.T0143", "..\..\..\SafetyCone\R5T.T0143\source\R5T.T0143\R5T.T0143.csproj", "{0CFA62A4-37AE-4B55-AC85-B9F4F5F794CE}"
EndProject
Project("{9A19103F-16F7-4668-BE54-9A1E7A4F7556}") = "R5T.T0150", "..\..\..\SafetyCone\R5T.T0150\source\R5T.T0150\R5T.T0150.csproj", "{877FDD5A-4B6F-4D61-84B3-C522F0400F4B}"
EndProject
Project("{9A19103F-16F7-4668-BE54-9A1E7A4F7556}") = "R5T.T0151", "..\..\..\SafetyCone\R5T.T0151\source\R5T.T0151\R5T.T0151.csproj", "{5BB117EA-03AE-451E-8B7C-77797A66B56A}"
EndProject
Project("{9A19103F-16F7-4668-BE54-9A1E7A4F7556}") = "R5T.T0156", "..\..\..\SafetyCone\R5T.T0156\source\R5T.T0156\R5T.T0156.csproj", "{C3C8C0AA-71DD-4C62-9317-9D87FBE00142}"
EndProject
Project("{9A19103F-16F7-4668-BE54-9A1E7A4F7556}") = "R5T.T0158", "..\..\..\SafetyCone\R5T.T0158\source\R5T.T0158\R5T.T0158.csproj", "{E131B9BB-C66E-451E-AB7C-F44DCB0A8614}"
EndProject
Project("{9A19103F-16F7-4668-BE54-9A1E7A4F7556}") = "R5T.T0159", "..\..\..\SafetyCone\R5T.T0159\source\R5T.T0159\R5T.T0159.csproj", "{56D1642F-177C-441B-8E98-9FF600F3D9E6}"
EndProject
Project("{9A19103F-16F7-4668-BE54-9A1E7A4F7556}") = "R5T.T0172", "..\..\..\SafetyCone\R5T.T0172\source\R5T.T0172\R5T.T0172.csproj", "{13B25E3B-6326-42DB-8179-DED0524340CB}"
EndProject
Project("{9A19103F-16F7-4668-BE54-9A1E7A4F7556}") = "R5T.T0174", "..\..\..\SafetyCone\R5T.T0174\source\R5T.T0174\R5T.T0174.csproj", "{72238EF1-5CE7-4A84-A901-F9DA1A1AFC61}"
EndProject
Project("{9A19103F-16F7-4668-BE54-9A1E7A4F7556}") = "R5T.T0176", "..\..\..\SafetyCone\R5T.T0176\source\R5T.T0176\R5T.T0176.csproj", "{D8DEFD2F-D1D4-44B7-B034-117B8616371C}"
EndProject
Project("{9A19103F-16F7-4668-BE54-9A1E7A4F7556}") = "R5T.T0177", "..\..\..\SafetyCone\R5T.T0177\source\R5T.T0177\R5T.T0177.csproj", "{954DF03B-807B-42C3-95FC-EE32345952E1}"
EndProject
Project("{9A19103F-16F7-4668-BE54-9A1E7A4F7556}") = "R5T.T0178", "..\..\..\SafetyCone\R5T.T0178\source\R5T.T0178\R5T.T0178.csproj", "{48EF473C-0AE3-4EDE-B44F-7E8357A99173}"
EndProject
Project("{9A19103F-16F7-4668-BE54-9A1E7A4F7556}") = "R5T.T0179", "..\..\..\SafetyCone\R5T.T0179\source\R5T.T0179\R5T.T0179.csproj", "{A3CCE392-1835-4D58-992A-B48FE3AFBD51}"
EndProject
Project("{9A19103F-16F7-4668-BE54-9A1E7A4F7556}") = "R5T.T0180", "..\..\..\SafetyCone\R5T.T0180\source\R5T.T0180\R5T.T0180.csproj", "{0BE973DC-9F68-4CDE-8EBC-A2EFBC046D7F}"
EndProject
Project("{9A19103F-16F7-4668-BE54-9A1E7A4F7556}") = "R5T.T0181", "..\..\..\SafetyCone\R5T.T0181\source\R5T.T0181\R5T.T0181.csproj", "{7D9F1CA7-18DE-47B3-B3F5-C6FA7E801AD7}"
EndProject
Project("{9A19103F-16F7-4668-BE54-9A1E7A4F7556}") = "R5T.T0185", "..\..\..\SafetyCone\R5T.T0185\source\R5T.T0185\R5T.T0185.csproj", "{9E2849A6-343F-4CD0-9B1D-D66A197136E7}"
EndProject
Project("{9A19103F-16F7-4668-BE54-9A1E7A4F7556}") = "R5T.T0199.T000", "..\..\..\SafetyCone\R5T.T0199\source\R5T.T0199.T000\R5T.T0199.T000.csproj", "{0B92DAE0-4E2A-46A9-9E58-2DF48649507D}"
EndProject
Project("{9A19103F-16F7-4668-BE54-9A1E7A4F7556}") = "R5T.T0199.T001", "..\..\..\SafetyCone\R5T.T0199\source\R5T.T0199.T001\R5T.T0199.T001.csproj", "{9A14CEF2-B5A4-4A77-98D5-04906D9F98C0}"
EndProject
Project("{9A19103F-16F7-4668-BE54-9A1E7A4F7556}") = "R5T.T0199", "..\..\..\SafetyCone\R5T.T0199\source\R5T.T0199\R5T.T0199.csproj", "{1F61932B-01C8-421F-BBE1-3A48C9F0F4DF}"
EndProject
Project("{9A19103F-16F7-4668-BE54-9A1E7A4F7556}") = "R5T.T0203", "..\..\..\SafetyCone\R5T.T0203\source\R5T.T0203\R5T.T0203.csproj", "{5A5FAD50-FFBE-4D83-BA38-81D9F1C2135A}"
EndProject
Project("{9A19103F-16F7-4668-BE54-9A1E7A4F7556}") = "R5T.T0213", "..\..\..\SafetyCone\R5T.T0213\source\R5T.T0213\R5T.T0213.csproj", "{552DE4B1-4C52-401D-B27A-BB28557D7A01}"
EndProject
Project("{9A19103F-16F7-4668-BE54-9A1E7A4F7556}") = "R5T.T0218", "..\..\..\SafetyCone\R5T.T0218\source\R5T.T0218\R5T.T0218.csproj", "{90453356-2F2D-46B9-AF52-40F91DD96A9D}"
EndProject
Project("{9A19103F-16F7-4668-BE54-9A1E7A4F7556}") = "R5T.T0219", "..\..\..\SafetyCone\R5T.T0219\source\R5T.T0219\R5T.T0219.csproj", "{7E622F49-F0A5-4578-84BA-8D2F71469EA1}"
EndProject
Project("{9A19103F-16F7-4668-BE54-9A1E7A4F7556}") = "R5T.T0220", "..\..\..\SafetyCone\R5T.T0220\source\R5T.T0220\R5T.T0220.csproj", "{9B7A6775-E86A-44B7-9958-DD60681A84AA}"
EndProject
Project("{9A19103F-16F7-4668-BE54-9A1E7A4F7556}") = "R5T.T0221", "..\..\..\SafetyCone\R5T.T0221\source\R5T.T0221\R5T.T0221.csproj", "{0567C835-3993-4508-AF57-F2A396130C78}"
EndProject
Project("{9A19103F-16F7-4668-BE54-9A1E7A4F7556}") = "R5T.T0227", "..\..\..\SafetyCone\R5T.T0227\source\R5T.T0227\R5T.T0227.csproj", "{C1700840-50F7-4B77-A5C0-1B5570E5D071}"
EndProject
Project("{9A19103F-16F7-4668-BE54-9A1E7A4F7556}") = "R5T.T0241", "..\..\..\SafetyCone\R5T.T0241\source\R5T.T0241\R5T.T0241.csproj", "{C35CD68B-BD6A-4D7B-B824-D9EE4D06C02A}"
EndProject
Project("{9A19103F-16F7-4668-BE54-9A1E7A4F7556}") = "R5T.T0252", "..\..\..\SafetyCone\R5T.T0252\source\R5T.T0252\R5T.T0252.csproj", "{31A9519E-C79B-4F70-8F97-110C885848EA}"
EndProject
Project("{9A19103F-16F7-4668-BE54-9A1E7A4F7556}") = "R5T.Y0000", "..\..\..\SafetyCone\R5T.Y0000\source\R5T.Y0000\R5T.Y0000.csproj", "{DA5608B5-1A0A-4097-8DDD-3D1B0CC47F0D}"
EndProject
Project("{9A19103F-16F7-4668-BE54-9A1E7A4F7556}") = "R5T.Y0006", "..\..\..\SafetyCone\R5T.Y0006\source\R5T.Y0006\R5T.Y0006.csproj", "{2F1C4C86-9CB7-497C-A5ED-0599294C573A}"
EndProject
Project("{9A19103F-16F7-4668-BE54-9A1E7A4F7556}") = "R5T.Z0000", "..\..\..\SafetyCone\R5T.Z0000\source\R5T.Z0000\R5T.Z0000.csproj", "{91F1793A-E3C5-46A9-8B9E-4AFDBD00EE32}"
EndProject
Project("{9A19103F-16F7-4668-BE54-9A1E7A4F7556}") = "R5T.Z0057.Platform", "..\..\..\SafetyCone\R5T.Z0057\source\R5T.Z0057.Platform\R5T.Z0057.Platform.csproj", "{05922A1D-A6C1-4234-AEC8-83BC28248C00}"
EndProject
Project("{9A19103F-16F7-4668-BE54-9A1E7A4F7556}") = "R5T.Z0057", "..\..\..\SafetyCone\R5T.Z0057\source\R5T.Z0057\R5T.Z0057.csproj", "{D5693CEC-72D6-4E61-9A60-80A5146B84E6}"
EndProject
Project("{9A19103F-16F7-4668-BE54-9A1E7A4F7556}") = "R5T.Z0058", "..\..\..\SafetyCone\R5T.Z0058\source\R5T.Z0058\R5T.Z0058.csproj", "{B73FD597-25C4-4209-9A01-0A2773ADEFC1}"
EndProject
Project("{9A19103F-16F7-4668-BE54-9A1E7A4F7556}") = "R5T.Z0072.Z000", "..\..\..\SafetyCone\R5T.Z0072\source\R5T.Z0072.Z000\R5T.Z0072.Z000.csproj", "{8D4B45D6-5C9F-410A-8930-A3CD6301021C}"
EndProject
Project("{9A19103F-16F7-4668-BE54-9A1E7A4F7556}") = "R5T.Z0072.Z001", "..\..\..\SafetyCone\R5T.Z0072\source\R5T.Z0072.Z001\R5T.Z0072.Z001.csproj", "{1F6EB0C8-7FA7-472A-8009-3E2432679110}"
EndProject
Project("{9A19103F-16F7-4668-BE54-9A1E7A4F7556}") = "R5T.Z0072.Z002", "..\..\..\SafetyCone\R5T.Z0072\source\R5T.Z0072.Z002\R5T.Z0072.Z002.csproj", "{19F9C42B-237E-4C35-99C3-6CDB9409C71C}"
EndProject
Project("{9A19103F-16F7-4668-BE54-9A1E7A4F7556}") = "R5T.Z0072.Z004", "..\..\..\SafetyCone\R5T.Z0072\source\R5T.Z0072.Z004\R5T.Z0072.Z004.csproj", "{BBEED2BB-02CC-4F59-903D-1E91882F508B}"
EndProject
Project("{9A19103F-16F7-4668-BE54-9A1E7A4F7556}") = "D8S.L0013.L001", "D8S.L0013.L001\D8S.L0013.L001.csproj", "{BAB54F84-CCDC-4D5A-9071-6393F3ADF3CE}"
EndProject
Project("{9A19103F-16F7-4668-BE54-9A1E7A4F7556}") = "D8S.L0013.F001", "D8S.L0013.F001\D8S.L0013.F001.csproj", "{20CB4B31-4943-486E-AE36-A87B21AC510E}"
EndProject
Project("{9A19103F-16F7-4668-BE54-9A1E7A4F7556}") = "R5T.T0240", "..\..\..\SafetyCone\R5T.T0240\source\R5T.T0240\R5T.T0240.csproj", "{D77A9001-3057-4953-A740-A23926E6B637}"
EndProject
Project("{9A19103F-16F7-4668-BE54-9A1E7A4F7556}") = "R5T.T0253.T000", "..\..\..\SafetyCone\R5T.T0253\source\R5T.T0253.T000\R5T.T0253.T000.csproj", "{3F3CE0E3-0DB2-4E12-86E8-52CA460828F8}"
EndProject
Project("{9A19103F-16F7-4668-BE54-9A1E7A4F7556}") = "R5T.F0103", "..\..\..\SafetyCone\R5T.F0103\source\R5T.F0103\R5T.F0103.csproj", "{8BF4A374-6D56-4885-9FEB-7DF3BD040C83}"
EndProject
Project("{9A19103F-16F7-4668-BE54-9A1E7A4F7556}") = "D8S.L0002.L001", "..\..\D8S.L0002\source\D8S.L0002.L001\D8S.L0002.L001.csproj", "{11A21E6F-E44C-4036-89FF-66A9EF2E8C04}"
EndProject
Project("{2150E333-8FDC-42A3-9474-1A3956D46DE8}") = "Solution Items", "Solution Items", "{C0BE82E7-F266-42D3-AE81-A7FF1E442F6A}"
	ProjectSection(SolutionItems) = preProject
		.editorconfig = .editorconfig
	EndProjectSection
EndProject
Global
	GlobalSection(SolutionConfigurationPlatforms) = preSolution
		Debug|Any CPU = Debug|Any CPU
		Release|Any CPU = Release|Any CPU
	EndGlobalSection
	GlobalSection(ProjectConfigurationPlatforms) = postSolution
		{9A361C99-2D57-4A07-B51E-9725AD235987}.Debug|Any CPU.ActiveCfg = Debug|Any CPU
		{9A361C99-2D57-4A07-B51E-9725AD235987}.Debug|Any CPU.Build.0 = Debug|Any CPU
		{9A361C99-2D57-4A07-B51E-9725AD235987}.Release|Any CPU.ActiveCfg = Release|Any CPU
		{9A361C99-2D57-4A07-B51E-9725AD235987}.Release|Any CPU.Build.0 = Release|Any CPU
		{1A266470-3D44-47D8-A473-3E255A0FD14E}.Debug|Any CPU.ActiveCfg = Debug|Any CPU
		{1A266470-3D44-47D8-A473-3E255A0FD14E}.Debug|Any CPU.Build.0 = Debug|Any CPU
		{1A266470-3D44-47D8-A473-3E255A0FD14E}.Release|Any CPU.ActiveCfg = Release|Any CPU
		{1A266470-3D44-47D8-A473-3E255A0FD14E}.Release|Any CPU.Build.0 = Release|Any CPU
		{E5A6B490-1803-4C9B-827D-248225E46F12}.Debug|Any CPU.ActiveCfg = Debug|Any CPU
		{E5A6B490-1803-4C9B-827D-248225E46F12}.Debug|Any CPU.Build.0 = Debug|Any CPU
		{E5A6B490-1803-4C9B-827D-248225E46F12}.Release|Any CPU.ActiveCfg = Release|Any CPU
		{E5A6B490-1803-4C9B-827D-248225E46F12}.Release|Any CPU.Build.0 = Release|Any CPU
		{40A47F47-A747-4461-A837-31F1CBCEA94C}.Debug|Any CPU.ActiveCfg = Debug|Any CPU
		{40A47F47-A747-4461-A837-31F1CBCEA94C}.Debug|Any CPU.Build.0 = Debug|Any CPU
		{40A47F47-A747-4461-A837-31F1CBCEA94C}.Release|Any CPU.ActiveCfg = Release|Any CPU
		{40A47F47-A747-4461-A837-31F1CBCEA94C}.Release|Any CPU.Build.0 = Release|Any CPU
		{A7E20ECD-1840-4F3D-9DAD-B105525BB586}.Debug|Any CPU.ActiveCfg = Debug|Any CPU
		{A7E20ECD-1840-4F3D-9DAD-B105525BB586}.Debug|Any CPU.Build.0 = Debug|Any CPU
		{A7E20ECD-1840-4F3D-9DAD-B105525BB586}.Release|Any CPU.ActiveCfg = Release|Any CPU
		{A7E20ECD-1840-4F3D-9DAD-B105525BB586}.Release|Any CPU.Build.0 = Release|Any CPU
		{AD52AF41-5EA0-46B6-A996-FE43947FFFC7}.Debug|Any CPU.ActiveCfg = Debug|Any CPU
		{AD52AF41-5EA0-46B6-A996-FE43947FFFC7}.Debug|Any CPU.Build.0 = Debug|Any CPU
		{AD52AF41-5EA0-46B6-A996-FE43947FFFC7}.Release|Any CPU.ActiveCfg = Release|Any CPU
		{AD52AF41-5EA0-46B6-A996-FE43947FFFC7}.Release|Any CPU.Build.0 = Release|Any CPU
		{2EDB4BA3-87DB-4B92-B26C-74CFD33DB48A}.Debug|Any CPU.ActiveCfg = Debug|Any CPU
		{2EDB4BA3-87DB-4B92-B26C-74CFD33DB48A}.Debug|Any CPU.Build.0 = Debug|Any CPU
		{2EDB4BA3-87DB-4B92-B26C-74CFD33DB48A}.Release|Any CPU.ActiveCfg = Release|Any CPU
		{2EDB4BA3-87DB-4B92-B26C-74CFD33DB48A}.Release|Any CPU.Build.0 = Release|Any CPU
		{149DD766-0C83-4EFA-9A79-80994AE50D90}.Debug|Any CPU.ActiveCfg = Debug|Any CPU
		{149DD766-0C83-4EFA-9A79-80994AE50D90}.Debug|Any CPU.Build.0 = Debug|Any CPU
		{149DD766-0C83-4EFA-9A79-80994AE50D90}.Release|Any CPU.ActiveCfg = Release|Any CPU
		{149DD766-0C83-4EFA-9A79-80994AE50D90}.Release|Any CPU.Build.0 = Release|Any CPU
		{0B850EB1-F996-4EFF-95E9-49DDA0E94738}.Debug|Any CPU.ActiveCfg = Debug|Any CPU
		{0B850EB1-F996-4EFF-95E9-49DDA0E94738}.Debug|Any CPU.Build.0 = Debug|Any CPU
		{0B850EB1-F996-4EFF-95E9-49DDA0E94738}.Release|Any CPU.ActiveCfg = Release|Any CPU
		{0B850EB1-F996-4EFF-95E9-49DDA0E94738}.Release|Any CPU.Build.0 = Release|Any CPU
		{46188DC8-1C12-4D05-B3AE-3DE284521BC1}.Debug|Any CPU.ActiveCfg = Debug|Any CPU
		{46188DC8-1C12-4D05-B3AE-3DE284521BC1}.Debug|Any CPU.Build.0 = Debug|Any CPU
		{46188DC8-1C12-4D05-B3AE-3DE284521BC1}.Release|Any CPU.ActiveCfg = Release|Any CPU
		{46188DC8-1C12-4D05-B3AE-3DE284521BC1}.Release|Any CPU.Build.0 = Release|Any CPU
		{6CF1B672-8C04-4749-B118-1FEA9D563EA3}.Debug|Any CPU.ActiveCfg = Debug|Any CPU
		{6CF1B672-8C04-4749-B118-1FEA9D563EA3}.Debug|Any CPU.Build.0 = Debug|Any CPU
		{6CF1B672-8C04-4749-B118-1FEA9D563EA3}.Release|Any CPU.ActiveCfg = Release|Any CPU
		{6CF1B672-8C04-4749-B118-1FEA9D563EA3}.Release|Any CPU.Build.0 = Release|Any CPU
		{29F55815-3307-4387-9C47-8EF19E778D9B}.Debug|Any CPU.ActiveCfg = Debug|Any CPU
		{29F55815-3307-4387-9C47-8EF19E778D9B}.Debug|Any CPU.Build.0 = Debug|Any CPU
		{29F55815-3307-4387-9C47-8EF19E778D9B}.Release|Any CPU.ActiveCfg = Release|Any CPU
		{29F55815-3307-4387-9C47-8EF19E778D9B}.Release|Any CPU.Build.0 = Release|Any CPU
		{9346C6B4-8EDA-45F5-8DC4-292C61640112}.Debug|Any CPU.ActiveCfg = Debug|Any CPU
		{9346C6B4-8EDA-45F5-8DC4-292C61640112}.Debug|Any CPU.Build.0 = Debug|Any CPU
		{9346C6B4-8EDA-45F5-8DC4-292C61640112}.Release|Any CPU.ActiveCfg = Release|Any CPU
		{9346C6B4-8EDA-45F5-8DC4-292C61640112}.Release|Any CPU.Build.0 = Release|Any CPU
		{AF8FE9EE-D542-4D19-B902-5253B0FBDC44}.Debug|Any CPU.ActiveCfg = Debug|Any CPU
		{AF8FE9EE-D542-4D19-B902-5253B0FBDC44}.Debug|Any CPU.Build.0 = Debug|Any CPU
		{AF8FE9EE-D542-4D19-B902-5253B0FBDC44}.Release|Any CPU.ActiveCfg = Release|Any CPU
		{AF8FE9EE-D542-4D19-B902-5253B0FBDC44}.Release|Any CPU.Build.0 = Release|Any CPU
		{73308D0A-7A2B-4364-B9A2-0F03F5BD7FA8}.Debug|Any CPU.ActiveCfg = Debug|Any CPU
		{73308D0A-7A2B-4364-B9A2-0F03F5BD7FA8}.Debug|Any CPU.Build.0 = Debug|Any CPU
		{73308D0A-7A2B-4364-B9A2-0F03F5BD7FA8}.Release|Any CPU.ActiveCfg = Release|Any CPU
		{73308D0A-7A2B-4364-B9A2-0F03F5BD7FA8}.Release|Any CPU.Build.0 = Release|Any CPU
		{43896762-52A8-4E39-9359-29770F4BD24B}.Debug|Any CPU.ActiveCfg = Debug|Any CPU
		{43896762-52A8-4E39-9359-29770F4BD24B}.Debug|Any CPU.Build.0 = Debug|Any CPU
		{43896762-52A8-4E39-9359-29770F4BD24B}.Release|Any CPU.ActiveCfg = Release|Any CPU
		{43896762-52A8-4E39-9359-29770F4BD24B}.Release|Any CPU.Build.0 = Release|Any CPU
		{2FE6B4B9-ABC2-47D1-B81E-733B93B974A0}.Debug|Any CPU.ActiveCfg = Debug|Any CPU
		{2FE6B4B9-ABC2-47D1-B81E-733B93B974A0}.Debug|Any CPU.Build.0 = Debug|Any CPU
		{2FE6B4B9-ABC2-47D1-B81E-733B93B974A0}.Release|Any CPU.ActiveCfg = Release|Any CPU
		{2FE6B4B9-ABC2-47D1-B81E-733B93B974A0}.Release|Any CPU.Build.0 = Release|Any CPU
		{1F70F8D2-4A9E-48D5-A0AE-607AE500188F}.Debug|Any CPU.ActiveCfg = Debug|Any CPU
		{1F70F8D2-4A9E-48D5-A0AE-607AE500188F}.Debug|Any CPU.Build.0 = Debug|Any CPU
		{1F70F8D2-4A9E-48D5-A0AE-607AE500188F}.Release|Any CPU.ActiveCfg = Release|Any CPU
		{1F70F8D2-4A9E-48D5-A0AE-607AE500188F}.Release|Any CPU.Build.0 = Release|Any CPU
		{C100893D-D507-49BA-9034-082A73FCACE1}.Debug|Any CPU.ActiveCfg = Debug|Any CPU
		{C100893D-D507-49BA-9034-082A73FCACE1}.Debug|Any CPU.Build.0 = Debug|Any CPU
		{C100893D-D507-49BA-9034-082A73FCACE1}.Release|Any CPU.ActiveCfg = Release|Any CPU
		{C100893D-D507-49BA-9034-082A73FCACE1}.Release|Any CPU.Build.0 = Release|Any CPU
		{212C150C-94C0-4AAE-BFA4-C6F951A53188}.Debug|Any CPU.ActiveCfg = Debug|Any CPU
		{212C150C-94C0-4AAE-BFA4-C6F951A53188}.Debug|Any CPU.Build.0 = Debug|Any CPU
		{212C150C-94C0-4AAE-BFA4-C6F951A53188}.Release|Any CPU.ActiveCfg = Release|Any CPU
		{212C150C-94C0-4AAE-BFA4-C6F951A53188}.Release|Any CPU.Build.0 = Release|Any CPU
		{8131999E-5A02-4467-9B61-42FBE905B574}.Debug|Any CPU.ActiveCfg = Debug|Any CPU
		{8131999E-5A02-4467-9B61-42FBE905B574}.Debug|Any CPU.Build.0 = Debug|Any CPU
		{8131999E-5A02-4467-9B61-42FBE905B574}.Release|Any CPU.ActiveCfg = Release|Any CPU
		{8131999E-5A02-4467-9B61-42FBE905B574}.Release|Any CPU.Build.0 = Release|Any CPU
		{81836203-0743-4873-854D-32EBCEBC660E}.Debug|Any CPU.ActiveCfg = Debug|Any CPU
		{81836203-0743-4873-854D-32EBCEBC660E}.Debug|Any CPU.Build.0 = Debug|Any CPU
		{81836203-0743-4873-854D-32EBCEBC660E}.Release|Any CPU.ActiveCfg = Release|Any CPU
		{81836203-0743-4873-854D-32EBCEBC660E}.Release|Any CPU.Build.0 = Release|Any CPU
		{F35DEF16-1173-4E8C-A2F7-4489DDB3A862}.Debug|Any CPU.ActiveCfg = Debug|Any CPU
		{F35DEF16-1173-4E8C-A2F7-4489DDB3A862}.Debug|Any CPU.Build.0 = Debug|Any CPU
		{F35DEF16-1173-4E8C-A2F7-4489DDB3A862}.Release|Any CPU.ActiveCfg = Release|Any CPU
		{F35DEF16-1173-4E8C-A2F7-4489DDB3A862}.Release|Any CPU.Build.0 = Release|Any CPU
		{C3F9747A-BCBB-4875-95AD-050CB3E00F13}.Debug|Any CPU.ActiveCfg = Debug|Any CPU
		{C3F9747A-BCBB-4875-95AD-050CB3E00F13}.Debug|Any CPU.Build.0 = Debug|Any CPU
		{C3F9747A-BCBB-4875-95AD-050CB3E00F13}.Release|Any CPU.ActiveCfg = Release|Any CPU
		{C3F9747A-BCBB-4875-95AD-050CB3E00F13}.Release|Any CPU.Build.0 = Release|Any CPU
		{D20E895B-9050-4C39-8B17-4F1C9947500B}.Debug|Any CPU.ActiveCfg = Debug|Any CPU
		{D20E895B-9050-4C39-8B17-4F1C9947500B}.Debug|Any CPU.Build.0 = Debug|Any CPU
		{D20E895B-9050-4C39-8B17-4F1C9947500B}.Release|Any CPU.ActiveCfg = Release|Any CPU
		{D20E895B-9050-4C39-8B17-4F1C9947500B}.Release|Any CPU.Build.0 = Release|Any CPU
		{0D2545A4-BEC0-49E1-939D-1CB19CF319F4}.Debug|Any CPU.ActiveCfg = Debug|Any CPU
		{0D2545A4-BEC0-49E1-939D-1CB19CF319F4}.Debug|Any CPU.Build.0 = Debug|Any CPU
		{0D2545A4-BEC0-49E1-939D-1CB19CF319F4}.Release|Any CPU.ActiveCfg = Release|Any CPU
		{0D2545A4-BEC0-49E1-939D-1CB19CF319F4}.Release|Any CPU.Build.0 = Release|Any CPU
		{0CFA62A4-37AE-4B55-AC85-B9F4F5F794CE}.Debug|Any CPU.ActiveCfg = Debug|Any CPU
		{0CFA62A4-37AE-4B55-AC85-B9F4F5F794CE}.Debug|Any CPU.Build.0 = Debug|Any CPU
		{0CFA62A4-37AE-4B55-AC85-B9F4F5F794CE}.Release|Any CPU.ActiveCfg = Release|Any CPU
		{0CFA62A4-37AE-4B55-AC85-B9F4F5F794CE}.Release|Any CPU.Build.0 = Release|Any CPU
		{877FDD5A-4B6F-4D61-84B3-C522F0400F4B}.Debug|Any CPU.ActiveCfg = Debug|Any CPU
		{877FDD5A-4B6F-4D61-84B3-C522F0400F4B}.Debug|Any CPU.Build.0 = Debug|Any CPU
		{877FDD5A-4B6F-4D61-84B3-C522F0400F4B}.Release|Any CPU.ActiveCfg = Release|Any CPU
		{877FDD5A-4B6F-4D61-84B3-C522F0400F4B}.Release|Any CPU.Build.0 = Release|Any CPU
		{5BB117EA-03AE-451E-8B7C-77797A66B56A}.Debug|Any CPU.ActiveCfg = Debug|Any CPU
		{5BB117EA-03AE-451E-8B7C-77797A66B56A}.Debug|Any CPU.Build.0 = Debug|Any CPU
		{5BB117EA-03AE-451E-8B7C-77797A66B56A}.Release|Any CPU.ActiveCfg = Release|Any CPU
		{5BB117EA-03AE-451E-8B7C-77797A66B56A}.Release|Any CPU.Build.0 = Release|Any CPU
		{C3C8C0AA-71DD-4C62-9317-9D87FBE00142}.Debug|Any CPU.ActiveCfg = Debug|Any CPU
		{C3C8C0AA-71DD-4C62-9317-9D87FBE00142}.Debug|Any CPU.Build.0 = Debug|Any CPU
		{C3C8C0AA-71DD-4C62-9317-9D87FBE00142}.Release|Any CPU.ActiveCfg = Release|Any CPU
		{C3C8C0AA-71DD-4C62-9317-9D87FBE00142}.Release|Any CPU.Build.0 = Release|Any CPU
		{E131B9BB-C66E-451E-AB7C-F44DCB0A8614}.Debug|Any CPU.ActiveCfg = Debug|Any CPU
		{E131B9BB-C66E-451E-AB7C-F44DCB0A8614}.Debug|Any CPU.Build.0 = Debug|Any CPU
		{E131B9BB-C66E-451E-AB7C-F44DCB0A8614}.Release|Any CPU.ActiveCfg = Release|Any CPU
		{E131B9BB-C66E-451E-AB7C-F44DCB0A8614}.Release|Any CPU.Build.0 = Release|Any CPU
		{56D1642F-177C-441B-8E98-9FF600F3D9E6}.Debug|Any CPU.ActiveCfg = Debug|Any CPU
		{56D1642F-177C-441B-8E98-9FF600F3D9E6}.Debug|Any CPU.Build.0 = Debug|Any CPU
		{56D1642F-177C-441B-8E98-9FF600F3D9E6}.Release|Any CPU.ActiveCfg = Release|Any CPU
		{56D1642F-177C-441B-8E98-9FF600F3D9E6}.Release|Any CPU.Build.0 = Release|Any CPU
		{13B25E3B-6326-42DB-8179-DED0524340CB}.Debug|Any CPU.ActiveCfg = Debug|Any CPU
		{13B25E3B-6326-42DB-8179-DED0524340CB}.Debug|Any CPU.Build.0 = Debug|Any CPU
		{13B25E3B-6326-42DB-8179-DED0524340CB}.Release|Any CPU.ActiveCfg = Release|Any CPU
		{13B25E3B-6326-42DB-8179-DED0524340CB}.Release|Any CPU.Build.0 = Release|Any CPU
		{72238EF1-5CE7-4A84-A901-F9DA1A1AFC61}.Debug|Any CPU.ActiveCfg = Debug|Any CPU
		{72238EF1-5CE7-4A84-A901-F9DA1A1AFC61}.Debug|Any CPU.Build.0 = Debug|Any CPU
		{72238EF1-5CE7-4A84-A901-F9DA1A1AFC61}.Release|Any CPU.ActiveCfg = Release|Any CPU
		{72238EF1-5CE7-4A84-A901-F9DA1A1AFC61}.Release|Any CPU.Build.0 = Release|Any CPU
		{D8DEFD2F-D1D4-44B7-B034-117B8616371C}.Debug|Any CPU.ActiveCfg = Debug|Any CPU
		{D8DEFD2F-D1D4-44B7-B034-117B8616371C}.Debug|Any CPU.Build.0 = Debug|Any CPU
		{D8DEFD2F-D1D4-44B7-B034-117B8616371C}.Release|Any CPU.ActiveCfg = Release|Any CPU
		{D8DEFD2F-D1D4-44B7-B034-117B8616371C}.Release|Any CPU.Build.0 = Release|Any CPU
		{954DF03B-807B-42C3-95FC-EE32345952E1}.Debug|Any CPU.ActiveCfg = Debug|Any CPU
		{954DF03B-807B-42C3-95FC-EE32345952E1}.Debug|Any CPU.Build.0 = Debug|Any CPU
		{954DF03B-807B-42C3-95FC-EE32345952E1}.Release|Any CPU.ActiveCfg = Release|Any CPU
		{954DF03B-807B-42C3-95FC-EE32345952E1}.Release|Any CPU.Build.0 = Release|Any CPU
		{48EF473C-0AE3-4EDE-B44F-7E8357A99173}.Debug|Any CPU.ActiveCfg = Debug|Any CPU
		{48EF473C-0AE3-4EDE-B44F-7E8357A99173}.Debug|Any CPU.Build.0 = Debug|Any CPU
		{48EF473C-0AE3-4EDE-B44F-7E8357A99173}.Release|Any CPU.ActiveCfg = Release|Any CPU
		{48EF473C-0AE3-4EDE-B44F-7E8357A99173}.Release|Any CPU.Build.0 = Release|Any CPU
		{A3CCE392-1835-4D58-992A-B48FE3AFBD51}.Debug|Any CPU.ActiveCfg = Debug|Any CPU
		{A3CCE392-1835-4D58-992A-B48FE3AFBD51}.Debug|Any CPU.Build.0 = Debug|Any CPU
		{A3CCE392-1835-4D58-992A-B48FE3AFBD51}.Release|Any CPU.ActiveCfg = Release|Any CPU
		{A3CCE392-1835-4D58-992A-B48FE3AFBD51}.Release|Any CPU.Build.0 = Release|Any CPU
		{0BE973DC-9F68-4CDE-8EBC-A2EFBC046D7F}.Debug|Any CPU.ActiveCfg = Debug|Any CPU
		{0BE973DC-9F68-4CDE-8EBC-A2EFBC046D7F}.Debug|Any CPU.Build.0 = Debug|Any CPU
		{0BE973DC-9F68-4CDE-8EBC-A2EFBC046D7F}.Release|Any CPU.ActiveCfg = Release|Any CPU
		{0BE973DC-9F68-4CDE-8EBC-A2EFBC046D7F}.Release|Any CPU.Build.0 = Release|Any CPU
		{7D9F1CA7-18DE-47B3-B3F5-C6FA7E801AD7}.Debug|Any CPU.ActiveCfg = Debug|Any CPU
		{7D9F1CA7-18DE-47B3-B3F5-C6FA7E801AD7}.Debug|Any CPU.Build.0 = Debug|Any CPU
		{7D9F1CA7-18DE-47B3-B3F5-C6FA7E801AD7}.Release|Any CPU.ActiveCfg = Release|Any CPU
		{7D9F1CA7-18DE-47B3-B3F5-C6FA7E801AD7}.Release|Any CPU.Build.0 = Release|Any CPU
		{9E2849A6-343F-4CD0-9B1D-D66A197136E7}.Debug|Any CPU.ActiveCfg = Debug|Any CPU
		{9E2849A6-343F-4CD0-9B1D-D66A197136E7}.Debug|Any CPU.Build.0 = Debug|Any CPU
		{9E2849A6-343F-4CD0-9B1D-D66A197136E7}.Release|Any CPU.ActiveCfg = Release|Any CPU
		{9E2849A6-343F-4CD0-9B1D-D66A197136E7}.Release|Any CPU.Build.0 = Release|Any CPU
		{0B92DAE0-4E2A-46A9-9E58-2DF48649507D}.Debug|Any CPU.ActiveCfg = Debug|Any CPU
		{0B92DAE0-4E2A-46A9-9E58-2DF48649507D}.Debug|Any CPU.Build.0 = Debug|Any CPU
		{0B92DAE0-4E2A-46A9-9E58-2DF48649507D}.Release|Any CPU.ActiveCfg = Release|Any CPU
		{0B92DAE0-4E2A-46A9-9E58-2DF48649507D}.Release|Any CPU.Build.0 = Release|Any CPU
		{9A14CEF2-B5A4-4A77-98D5-04906D9F98C0}.Debug|Any CPU.ActiveCfg = Debug|Any CPU
		{9A14CEF2-B5A4-4A77-98D5-04906D9F98C0}.Debug|Any CPU.Build.0 = Debug|Any CPU
		{9A14CEF2-B5A4-4A77-98D5-04906D9F98C0}.Release|Any CPU.ActiveCfg = Release|Any CPU
		{9A14CEF2-B5A4-4A77-98D5-04906D9F98C0}.Release|Any CPU.Build.0 = Release|Any CPU
		{1F61932B-01C8-421F-BBE1-3A48C9F0F4DF}.Debug|Any CPU.ActiveCfg = Debug|Any CPU
		{1F61932B-01C8-421F-BBE1-3A48C9F0F4DF}.Debug|Any CPU.Build.0 = Debug|Any CPU
		{1F61932B-01C8-421F-BBE1-3A48C9F0F4DF}.Release|Any CPU.ActiveCfg = Release|Any CPU
		{1F61932B-01C8-421F-BBE1-3A48C9F0F4DF}.Release|Any CPU.Build.0 = Release|Any CPU
		{5A5FAD50-FFBE-4D83-BA38-81D9F1C2135A}.Debug|Any CPU.ActiveCfg = Debug|Any CPU
		{5A5FAD50-FFBE-4D83-BA38-81D9F1C2135A}.Debug|Any CPU.Build.0 = Debug|Any CPU
		{5A5FAD50-FFBE-4D83-BA38-81D9F1C2135A}.Release|Any CPU.ActiveCfg = Release|Any CPU
		{5A5FAD50-FFBE-4D83-BA38-81D9F1C2135A}.Release|Any CPU.Build.0 = Release|Any CPU
		{552DE4B1-4C52-401D-B27A-BB28557D7A01}.Debug|Any CPU.ActiveCfg = Debug|Any CPU
		{552DE4B1-4C52-401D-B27A-BB28557D7A01}.Debug|Any CPU.Build.0 = Debug|Any CPU
		{552DE4B1-4C52-401D-B27A-BB28557D7A01}.Release|Any CPU.ActiveCfg = Release|Any CPU
		{552DE4B1-4C52-401D-B27A-BB28557D7A01}.Release|Any CPU.Build.0 = Release|Any CPU
		{90453356-2F2D-46B9-AF52-40F91DD96A9D}.Debug|Any CPU.ActiveCfg = Debug|Any CPU
		{90453356-2F2D-46B9-AF52-40F91DD96A9D}.Debug|Any CPU.Build.0 = Debug|Any CPU
		{90453356-2F2D-46B9-AF52-40F91DD96A9D}.Release|Any CPU.ActiveCfg = Release|Any CPU
		{90453356-2F2D-46B9-AF52-40F91DD96A9D}.Release|Any CPU.Build.0 = Release|Any CPU
		{7E622F49-F0A5-4578-84BA-8D2F71469EA1}.Debug|Any CPU.ActiveCfg = Debug|Any CPU
		{7E622F49-F0A5-4578-84BA-8D2F71469EA1}.Debug|Any CPU.Build.0 = Debug|Any CPU
		{7E622F49-F0A5-4578-84BA-8D2F71469EA1}.Release|Any CPU.ActiveCfg = Release|Any CPU
		{7E622F49-F0A5-4578-84BA-8D2F71469EA1}.Release|Any CPU.Build.0 = Release|Any CPU
		{9B7A6775-E86A-44B7-9958-DD60681A84AA}.Debug|Any CPU.ActiveCfg = Debug|Any CPU
		{9B7A6775-E86A-44B7-9958-DD60681A84AA}.Debug|Any CPU.Build.0 = Debug|Any CPU
		{9B7A6775-E86A-44B7-9958-DD60681A84AA}.Release|Any CPU.ActiveCfg = Release|Any CPU
		{9B7A6775-E86A-44B7-9958-DD60681A84AA}.Release|Any CPU.Build.0 = Release|Any CPU
		{0567C835-3993-4508-AF57-F2A396130C78}.Debug|Any CPU.ActiveCfg = Debug|Any CPU
		{0567C835-3993-4508-AF57-F2A396130C78}.Debug|Any CPU.Build.0 = Debug|Any CPU
		{0567C835-3993-4508-AF57-F2A396130C78}.Release|Any CPU.ActiveCfg = Release|Any CPU
		{0567C835-3993-4508-AF57-F2A396130C78}.Release|Any CPU.Build.0 = Release|Any CPU
		{C1700840-50F7-4B77-A5C0-1B5570E5D071}.Debug|Any CPU.ActiveCfg = Debug|Any CPU
		{C1700840-50F7-4B77-A5C0-1B5570E5D071}.Debug|Any CPU.Build.0 = Debug|Any CPU
		{C1700840-50F7-4B77-A5C0-1B5570E5D071}.Release|Any CPU.ActiveCfg = Release|Any CPU
		{C1700840-50F7-4B77-A5C0-1B5570E5D071}.Release|Any CPU.Build.0 = Release|Any CPU
		{C35CD68B-BD6A-4D7B-B824-D9EE4D06C02A}.Debug|Any CPU.ActiveCfg = Debug|Any CPU
		{C35CD68B-BD6A-4D7B-B824-D9EE4D06C02A}.Debug|Any CPU.Build.0 = Debug|Any CPU
		{C35CD68B-BD6A-4D7B-B824-D9EE4D06C02A}.Release|Any CPU.ActiveCfg = Release|Any CPU
		{C35CD68B-BD6A-4D7B-B824-D9EE4D06C02A}.Release|Any CPU.Build.0 = Release|Any CPU
		{31A9519E-C79B-4F70-8F97-110C885848EA}.Debug|Any CPU.ActiveCfg = Debug|Any CPU
		{31A9519E-C79B-4F70-8F97-110C885848EA}.Debug|Any CPU.Build.0 = Debug|Any CPU
		{31A9519E-C79B-4F70-8F97-110C885848EA}.Release|Any CPU.ActiveCfg = Release|Any CPU
		{31A9519E-C79B-4F70-8F97-110C885848EA}.Release|Any CPU.Build.0 = Release|Any CPU
		{DA5608B5-1A0A-4097-8DDD-3D1B0CC47F0D}.Debug|Any CPU.ActiveCfg = Debug|Any CPU
		{DA5608B5-1A0A-4097-8DDD-3D1B0CC47F0D}.Debug|Any CPU.Build.0 = Debug|Any CPU
		{DA5608B5-1A0A-4097-8DDD-3D1B0CC47F0D}.Release|Any CPU.ActiveCfg = Release|Any CPU
		{DA5608B5-1A0A-4097-8DDD-3D1B0CC47F0D}.Release|Any CPU.Build.0 = Release|Any CPU
		{2F1C4C86-9CB7-497C-A5ED-0599294C573A}.Debug|Any CPU.ActiveCfg = Debug|Any CPU
		{2F1C4C86-9CB7-497C-A5ED-0599294C573A}.Debug|Any CPU.Build.0 = Debug|Any CPU
		{2F1C4C86-9CB7-497C-A5ED-0599294C573A}.Release|Any CPU.ActiveCfg = Release|Any CPU
		{2F1C4C86-9CB7-497C-A5ED-0599294C573A}.Release|Any CPU.Build.0 = Release|Any CPU
		{91F1793A-E3C5-46A9-8B9E-4AFDBD00EE32}.Debug|Any CPU.ActiveCfg = Debug|Any CPU
		{91F1793A-E3C5-46A9-8B9E-4AFDBD00EE32}.Debug|Any CPU.Build.0 = Debug|Any CPU
		{91F1793A-E3C5-46A9-8B9E-4AFDBD00EE32}.Release|Any CPU.ActiveCfg = Release|Any CPU
		{91F1793A-E3C5-46A9-8B9E-4AFDBD00EE32}.Release|Any CPU.Build.0 = Release|Any CPU
		{05922A1D-A6C1-4234-AEC8-83BC28248C00}.Debug|Any CPU.ActiveCfg = Debug|Any CPU
		{05922A1D-A6C1-4234-AEC8-83BC28248C00}.Debug|Any CPU.Build.0 = Debug|Any CPU
		{05922A1D-A6C1-4234-AEC8-83BC28248C00}.Release|Any CPU.ActiveCfg = Release|Any CPU
		{05922A1D-A6C1-4234-AEC8-83BC28248C00}.Release|Any CPU.Build.0 = Release|Any CPU
		{D5693CEC-72D6-4E61-9A60-80A5146B84E6}.Debug|Any CPU.ActiveCfg = Debug|Any CPU
		{D5693CEC-72D6-4E61-9A60-80A5146B84E6}.Debug|Any CPU.Build.0 = Debug|Any CPU
		{D5693CEC-72D6-4E61-9A60-80A5146B84E6}.Release|Any CPU.ActiveCfg = Release|Any CPU
		{D5693CEC-72D6-4E61-9A60-80A5146B84E6}.Release|Any CPU.Build.0 = Release|Any CPU
		{B73FD597-25C4-4209-9A01-0A2773ADEFC1}.Debug|Any CPU.ActiveCfg = Debug|Any CPU
		{B73FD597-25C4-4209-9A01-0A2773ADEFC1}.Debug|Any CPU.Build.0 = Debug|Any CPU
		{B73FD597-25C4-4209-9A01-0A2773ADEFC1}.Release|Any CPU.ActiveCfg = Release|Any CPU
		{B73FD597-25C4-4209-9A01-0A2773ADEFC1}.Release|Any CPU.Build.0 = Release|Any CPU
		{8D4B45D6-5C9F-410A-8930-A3CD6301021C}.Debug|Any CPU.ActiveCfg = Debug|Any CPU
		{8D4B45D6-5C9F-410A-8930-A3CD6301021C}.Debug|Any CPU.Build.0 = Debug|Any CPU
		{8D4B45D6-5C9F-410A-8930-A3CD6301021C}.Release|Any CPU.ActiveCfg = Release|Any CPU
		{8D4B45D6-5C9F-410A-8930-A3CD6301021C}.Release|Any CPU.Build.0 = Release|Any CPU
		{1F6EB0C8-7FA7-472A-8009-3E2432679110}.Debug|Any CPU.ActiveCfg = Debug|Any CPU
		{1F6EB0C8-7FA7-472A-8009-3E2432679110}.Debug|Any CPU.Build.0 = Debug|Any CPU
		{1F6EB0C8-7FA7-472A-8009-3E2432679110}.Release|Any CPU.ActiveCfg = Release|Any CPU
		{1F6EB0C8-7FA7-472A-8009-3E2432679110}.Release|Any CPU.Build.0 = Release|Any CPU
		{19F9C42B-237E-4C35-99C3-6CDB9409C71C}.Debug|Any CPU.ActiveCfg = Debug|Any CPU
		{19F9C42B-237E-4C35-99C3-6CDB9409C71C}.Debug|Any CPU.Build.0 = Debug|Any CPU
		{19F9C42B-237E-4C35-99C3-6CDB9409C71C}.Release|Any CPU.ActiveCfg = Release|Any CPU
		{19F9C42B-237E-4C35-99C3-6CDB9409C71C}.Release|Any CPU.Build.0 = Release|Any CPU
		{BBEED2BB-02CC-4F59-903D-1E91882F508B}.Debug|Any CPU.ActiveCfg = Debug|Any CPU
		{BBEED2BB-02CC-4F59-903D-1E91882F508B}.Debug|Any CPU.Build.0 = Debug|Any CPU
		{BBEED2BB-02CC-4F59-903D-1E91882F508B}.Release|Any CPU.ActiveCfg = Release|Any CPU
		{BBEED2BB-02CC-4F59-903D-1E91882F508B}.Release|Any CPU.Build.0 = Release|Any CPU
		{BAB54F84-CCDC-4D5A-9071-6393F3ADF3CE}.Debug|Any CPU.ActiveCfg = Debug|Any CPU
		{BAB54F84-CCDC-4D5A-9071-6393F3ADF3CE}.Debug|Any CPU.Build.0 = Debug|Any CPU
		{BAB54F84-CCDC-4D5A-9071-6393F3ADF3CE}.Release|Any CPU.ActiveCfg = Release|Any CPU
		{BAB54F84-CCDC-4D5A-9071-6393F3ADF3CE}.Release|Any CPU.Build.0 = Release|Any CPU
		{20CB4B31-4943-486E-AE36-A87B21AC510E}.Debug|Any CPU.ActiveCfg = Debug|Any CPU
		{20CB4B31-4943-486E-AE36-A87B21AC510E}.Debug|Any CPU.Build.0 = Debug|Any CPU
		{20CB4B31-4943-486E-AE36-A87B21AC510E}.Release|Any CPU.ActiveCfg = Release|Any CPU
		{20CB4B31-4943-486E-AE36-A87B21AC510E}.Release|Any CPU.Build.0 = Release|Any CPU
		{D77A9001-3057-4953-A740-A23926E6B637}.Debug|Any CPU.ActiveCfg = Debug|Any CPU
		{D77A9001-3057-4953-A740-A23926E6B637}.Debug|Any CPU.Build.0 = Debug|Any CPU
		{D77A9001-3057-4953-A740-A23926E6B637}.Release|Any CPU.ActiveCfg = Release|Any CPU
		{D77A9001-3057-4953-A740-A23926E6B637}.Release|Any CPU.Build.0 = Release|Any CPU
		{3F3CE0E3-0DB2-4E12-86E8-52CA460828F8}.Debug|Any CPU.ActiveCfg = Debug|Any CPU
		{3F3CE0E3-0DB2-4E12-86E8-52CA460828F8}.Debug|Any CPU.Build.0 = Debug|Any CPU
		{3F3CE0E3-0DB2-4E12-86E8-52CA460828F8}.Release|Any CPU.ActiveCfg = Release|Any CPU
		{3F3CE0E3-0DB2-4E12-86E8-52CA460828F8}.Release|Any CPU.Build.0 = Release|Any CPU
		{8BF4A374-6D56-4885-9FEB-7DF3BD040C83}.Debug|Any CPU.ActiveCfg = Debug|Any CPU
		{8BF4A374-6D56-4885-9FEB-7DF3BD040C83}.Debug|Any CPU.Build.0 = Debug|Any CPU
		{8BF4A374-6D56-4885-9FEB-7DF3BD040C83}.Release|Any CPU.ActiveCfg = Release|Any CPU
		{8BF4A374-6D56-4885-9FEB-7DF3BD040C83}.Release|Any CPU.Build.0 = Release|Any CPU
		{11A21E6F-E44C-4036-89FF-66A9EF2E8C04}.Debug|Any CPU.ActiveCfg = Debug|Any CPU
		{11A21E6F-E44C-4036-89FF-66A9EF2E8C04}.Debug|Any CPU.Build.0 = Debug|Any CPU
		{11A21E6F-E44C-4036-89FF-66A9EF2E8C04}.Release|Any CPU.ActiveCfg = Release|Any CPU
		{11A21E6F-E44C-4036-89FF-66A9EF2E8C04}.Release|Any CPU.Build.0 = Release|Any CPU
	EndGlobalSection
	GlobalSection(SolutionProperties) = preSolution
		HideSolutionNode = FALSE
	EndGlobalSection
	GlobalSection(NestedProjects) = preSolution
		{40A47F47-A747-4461-A837-31F1CBCEA94C} = {BA8E9D10-FB43-445A-A4DA-9209DA0BC18A}
		{A7E20ECD-1840-4F3D-9DAD-B105525BB586} = {BA8E9D10-FB43-445A-A4DA-9209DA0BC18A}
		{AD52AF41-5EA0-46B6-A996-FE43947FFFC7} = {BA8E9D10-FB43-445A-A4DA-9209DA0BC18A}
		{2EDB4BA3-87DB-4B92-B26C-74CFD33DB48A} = {BA8E9D10-FB43-445A-A4DA-9209DA0BC18A}
		{149DD766-0C83-4EFA-9A79-80994AE50D90} = {BA8E9D10-FB43-445A-A4DA-9209DA0BC18A}
		{0B850EB1-F996-4EFF-95E9-49DDA0E94738} = {BA8E9D10-FB43-445A-A4DA-9209DA0BC18A}
		{46188DC8-1C12-4D05-B3AE-3DE284521BC1} = {BA8E9D10-FB43-445A-A4DA-9209DA0BC18A}
		{6CF1B672-8C04-4749-B118-1FEA9D563EA3} = {BA8E9D10-FB43-445A-A4DA-9209DA0BC18A}
		{29F55815-3307-4387-9C47-8EF19E778D9B} = {BA8E9D10-FB43-445A-A4DA-9209DA0BC18A}
		{9346C6B4-8EDA-45F5-8DC4-292C61640112} = {BA8E9D10-FB43-445A-A4DA-9209DA0BC18A}
		{AF8FE9EE-D542-4D19-B902-5253B0FBDC44} = {BA8E9D10-FB43-445A-A4DA-9209DA0BC18A}
		{73308D0A-7A2B-4364-B9A2-0F03F5BD7FA8} = {BA8E9D10-FB43-445A-A4DA-9209DA0BC18A}
		{43896762-52A8-4E39-9359-29770F4BD24B} = {BA8E9D10-FB43-445A-A4DA-9209DA0BC18A}
		{2FE6B4B9-ABC2-47D1-B81E-733B93B974A0} = {BA8E9D10-FB43-445A-A4DA-9209DA0BC18A}
		{1F70F8D2-4A9E-48D5-A0AE-607AE500188F} = {BA8E9D10-FB43-445A-A4DA-9209DA0BC18A}
		{C100893D-D507-49BA-9034-082A73FCACE1} = {BA8E9D10-FB43-445A-A4DA-9209DA0BC18A}
		{212C150C-94C0-4AAE-BFA4-C6F951A53188} = {BA8E9D10-FB43-445A-A4DA-9209DA0BC18A}
		{8131999E-5A02-4467-9B61-42FBE905B574} = {BA8E9D10-FB43-445A-A4DA-9209DA0BC18A}
		{81836203-0743-4873-854D-32EBCEBC660E} = {BA8E9D10-FB43-445A-A4DA-9209DA0BC18A}
		{F35DEF16-1173-4E8C-A2F7-4489DDB3A862} = {BA8E9D10-FB43-445A-A4DA-9209DA0BC18A}
		{C3F9747A-BCBB-4875-95AD-050CB3E00F13} = {BA8E9D10-FB43-445A-A4DA-9209DA0BC18A}
		{D20E895B-9050-4C39-8B17-4F1C9947500B} = {BA8E9D10-FB43-445A-A4DA-9209DA0BC18A}
		{0D2545A4-BEC0-49E1-939D-1CB19CF319F4} = {BA8E9D10-FB43-445A-A4DA-9209DA0BC18A}
		{0CFA62A4-37AE-4B55-AC85-B9F4F5F794CE} = {BA8E9D10-FB43-445A-A4DA-9209DA0BC18A}
		{877FDD5A-4B6F-4D61-84B3-C522F0400F4B} = {BA8E9D10-FB43-445A-A4DA-9209DA0BC18A}
		{5BB117EA-03AE-451E-8B7C-77797A66B56A} = {BA8E9D10-FB43-445A-A4DA-9209DA0BC18A}
		{C3C8C0AA-71DD-4C62-9317-9D87FBE00142} = {BA8E9D10-FB43-445A-A4DA-9209DA0BC18A}
		{E131B9BB-C66E-451E-AB7C-F44DCB0A8614} = {BA8E9D10-FB43-445A-A4DA-9209DA0BC18A}
		{56D1642F-177C-441B-8E98-9FF600F3D9E6} = {BA8E9D10-FB43-445A-A4DA-9209DA0BC18A}
		{13B25E3B-6326-42DB-8179-DED0524340CB} = {BA8E9D10-FB43-445A-A4DA-9209DA0BC18A}
		{72238EF1-5CE7-4A84-A901-F9DA1A1AFC61} = {BA8E9D10-FB43-445A-A4DA-9209DA0BC18A}
		{D8DEFD2F-D1D4-44B7-B034-117B8616371C} = {BA8E9D10-FB43-445A-A4DA-9209DA0BC18A}
		{954DF03B-807B-42C3-95FC-EE32345952E1} = {BA8E9D10-FB43-445A-A4DA-9209DA0BC18A}
		{48EF473C-0AE3-4EDE-B44F-7E8357A99173} = {BA8E9D10-FB43-445A-A4DA-9209DA0BC18A}
		{A3CCE392-1835-4D58-992A-B48FE3AFBD51} = {BA8E9D10-FB43-445A-A4DA-9209DA0BC18A}
		{0BE973DC-9F68-4CDE-8EBC-A2EFBC046D7F} = {BA8E9D10-FB43-445A-A4DA-9209DA0BC18A}
		{7D9F1CA7-18DE-47B3-B3F5-C6FA7E801AD7} = {BA8E9D10-FB43-445A-A4DA-9209DA0BC18A}
		{9E2849A6-343F-4CD0-9B1D-D66A197136E7} = {BA8E9D10-FB43-445A-A4DA-9209DA0BC18A}
		{0B92DAE0-4E2A-46A9-9E58-2DF48649507D} = {BA8E9D10-FB43-445A-A4DA-9209DA0BC18A}
		{9A14CEF2-B5A4-4A77-98D5-04906D9F98C0} = {BA8E9D10-FB43-445A-A4DA-9209DA0BC18A}
		{1F61932B-01C8-421F-BBE1-3A48C9F0F4DF} = {BA8E9D10-FB43-445A-A4DA-9209DA0BC18A}
		{5A5FAD50-FFBE-4D83-BA38-81D9F1C2135A} = {BA8E9D10-FB43-445A-A4DA-9209DA0BC18A}
		{552DE4B1-4C52-401D-B27A-BB28557D7A01} = {BA8E9D10-FB43-445A-A4DA-9209DA0BC18A}
		{90453356-2F2D-46B9-AF52-40F91DD96A9D} = {BA8E9D10-FB43-445A-A4DA-9209DA0BC18A}
		{7E622F49-F0A5-4578-84BA-8D2F71469EA1} = {BA8E9D10-FB43-445A-A4DA-9209DA0BC18A}
		{9B7A6775-E86A-44B7-9958-DD60681A84AA} = {BA8E9D10-FB43-445A-A4DA-9209DA0BC18A}
		{0567C835-3993-4508-AF57-F2A396130C78} = {BA8E9D10-FB43-445A-A4DA-9209DA0BC18A}
		{C1700840-50F7-4B77-A5C0-1B5570E5D071} = {BA8E9D10-FB43-445A-A4DA-9209DA0BC18A}
		{C35CD68B-BD6A-4D7B-B824-D9EE4D06C02A} = {BA8E9D10-FB43-445A-A4DA-9209DA0BC18A}
		{31A9519E-C79B-4F70-8F97-110C885848EA} = {BA8E9D10-FB43-445A-A4DA-9209DA0BC18A}
		{DA5608B5-1A0A-4097-8DDD-3D1B0CC47F0D} = {BA8E9D10-FB43-445A-A4DA-9209DA0BC18A}
		{2F1C4C86-9CB7-497C-A5ED-0599294C573A} = {BA8E9D10-FB43-445A-A4DA-9209DA0BC18A}
		{91F1793A-E3C5-46A9-8B9E-4AFDBD00EE32} = {BA8E9D10-FB43-445A-A4DA-9209DA0BC18A}
		{05922A1D-A6C1-4234-AEC8-83BC28248C00} = {BA8E9D10-FB43-445A-A4DA-9209DA0BC18A}
		{D5693CEC-72D6-4E61-9A60-80A5146B84E6} = {BA8E9D10-FB43-445A-A4DA-9209DA0BC18A}
		{B73FD597-25C4-4209-9A01-0A2773ADEFC1} = {BA8E9D10-FB43-445A-A4DA-9209DA0BC18A}
		{8D4B45D6-5C9F-410A-8930-A3CD6301021C} = {BA8E9D10-FB43-445A-A4DA-9209DA0BC18A}
		{1F6EB0C8-7FA7-472A-8009-3E2432679110} = {BA8E9D10-FB43-445A-A4DA-9209DA0BC18A}
		{19F9C42B-237E-4C35-99C3-6CDB9409C71C} = {BA8E9D10-FB43-445A-A4DA-9209DA0BC18A}
		{BBEED2BB-02CC-4F59-903D-1E91882F508B} = {BA8E9D10-FB43-445A-A4DA-9209DA0BC18A}
		{D77A9001-3057-4953-A740-A23926E6B637} = {BA8E9D10-FB43-445A-A4DA-9209DA0BC18A}
		{3F3CE0E3-0DB2-4E12-86E8-52CA460828F8} = {BA8E9D10-FB43-445A-A4DA-9209DA0BC18A}
		{8BF4A374-6D56-4885-9FEB-7DF3BD040C83} = {BA8E9D10-FB43-445A-A4DA-9209DA0BC18A}
		{11A21E6F-E44C-4036-89FF-66A9EF2E8C04} = {BA8E9D10-FB43-445A-A4DA-9209DA0BC18A}
	EndGlobalSection
	GlobalSection(ExtensibilityGlobals) = postSolution
		SolutionGuid = {720EA7F8-64AC-42A4-A527-5C1BA70515AD}
	EndGlobalSection
EndGlobal
