
Microsoft Visual Studio Solution File, Format Version 12.00
# Visual Studio Version 17
VisualStudioVersion = 17.2.32630.192
MinimumVisualStudioVersion = 10.0.40219.1
Project("{9A19103F-16F7-4668-BE54-9A1E7A4F7556}") = "D8S.L0013", "D8S.L0013\D8S.L0013.csproj", "{B5DC2960-10B3-4C76-BA27-B8825F0D7D42}"
EndProject
Global
	GlobalSection(SolutionConfigurationPlatforms) = preSolution
		Debug|Any CPU = Debug|Any CPU
		Release|Any CPU = Release|Any CPU
	EndGlobalSection
	GlobalSection(ProjectConfigurationPlatforms) = postSolution
		{B5DC2960-10B3-4C76-BA27-B8825F0D7D42}.Debug|Any CPU.ActiveCfg = Debug|Any CPU
		{B5DC2960-10B3-4C76-BA27-B8825F0D7D42}.Debug|Any CPU.Build.0 = Debug|Any CPU
		{B5DC2960-10B3-4C76-BA27-B8825F0D7D42}.Release|Any CPU.ActiveCfg = Release|Any CPU
		{B5DC2960-10B3-4C76-BA27-B8825F0D7D42}.Release|Any CPU.Build.0 = Release|Any CPU
	EndGlobalSection
	GlobalSection(SolutionProperties) = preSolution
		HideSolutionNode = FALSE
	EndGlobalSection
	GlobalSection(ExtensibilityGlobals) = postSolution
		SolutionGuid = {C43C87C2-0A71-42FE-840E-03ECD1056B1C}
	EndGlobalSection
EndGlobal
